{"1.2.0",
[{<<"fast_yaml">>,
  {git,"https://github.com/processone/fast_yaml.git",
       {ref,"997b7364b5c7d9da1cb7b35c42787b1faedd556c"}},
  0},
 {<<"p1_utils">>,{pkg,<<"p1_utils">>,<<"1.0.17">>},1},
 {<<"yval">>,
  {git,"https://github.com/processone/yval.git",
       {ref,"2495215511b33a57acdccc4bf33cf8e298f918bf"}},
  0}]}.
[
{pkg_hash,[
 {<<"p1_utils">>, <<"563449D130B7D37426DCAD38815944356B2716713A70E16ABB82E3410EDC2C72">>}]},
{pkg_hash_ext,[
 {<<"p1_utils">>, <<"7CFA9BCB00081EFE8808D596DBC1A3B50A062E06DD766C6F078A3B9215D60A0C">>}]}
].
